// !$*UTF8*$!
{
	archiveVersion = 1;
	classes = {
	};
	objectVersion = 50;
	objects = {

/* Begin PBXBuildFile section */
		697A3E1D24DFD82700B9C42D /* AppDelegate.swift in Sources */ = {isa = PBXBuildFile; fileRef = 697A3E1C24DFD82700B9C42D /* AppDelegate.swift */; };
		697A3E1F24DFD82700B9C42D /* SceneDelegate.swift in Sources */ = {isa = PBXBuildFile; fileRef = 697A3E1E24DFD82700B9C42D /* SceneDelegate.swift */; };
		697A3E2124DFD82700B9C42D /* ContentView.swift in Sources */ = {isa = PBXBuildFile; fileRef = 697A3E2024DFD82700B9C42D /* ContentView.swift */; };
		697A3E2324DFD82800B9C42D /* Assets.xcassets in Resources */ = {isa = PBXBuildFile; fileRef = 697A3E2224DFD82800B9C42D /* Assets.xcassets */; };
		697A3E2624DFD82800B9C42D /* Preview Assets.xcassets in Resources */ = {isa = PBXBuildFile; fileRef = 697A3E2524DFD82800B9C42D /* Preview Assets.xcassets */; };
		697A3E2924DFD82800B9C42D /* LaunchScreen.storyboard in Resources */ = {isa = PBXBuildFile; fileRef = 697A3E2724DFD82800B9C42D /* LaunchScreen.storyboard */; };
		697A3E4924DFD88A00B9C42D /* SomeFramework.framework in Frameworks */ = {isa = PBXBuildFile; fileRef = 697A3E4824DFD88A00B9C42D /* SomeFramework.framework */; };
/* End PBXBuildFile section */

/* Begin PBXFileReference section */
		697A3E1924DFD82700B9C42D /* SomeApp.app */ = {isa = PBXFileReference; explicitFileType = wrapper.application; includeInIndex = 0; path = SomeApp.app; sourceTree = BUILT_PRODUCTS_DIR; };
		697A3E1C24DFD82700B9C42D /* AppDelegate.swift */ = {isa = PBXFileReference; lastKnownFileType = sourcecode.swift; path = AppDelegate.swift; sourceTree = "<group>"; };
		697A3E1E24DFD82700B9C42D /* SceneDelegate.swift */ = {isa = PBXFileReference; lastKnownFileType = sourcecode.swift; path = SceneDelegate.swift; sourceTree = "<group>"; };
		697A3E2024DFD82700B9C42D /* ContentView.swift */ = {isa = PBXFileReference; lastKnownFileType = sourcecode.swift; path = ContentView.swift; sourceTree = "<group>"; };
		697A3E2224DFD82800B9C42D /* Assets.xcassets */ = {isa = PBXFileReference; lastKnownFileType = folder.assetcatalog; path = Assets.xcassets; sourceTree = "<group>"; };
		697A3E2524DFD82800B9C42D /* Preview Assets.xcassets */ = {isa = PBXFileReference; lastKnownFileType = folder.assetcatalog; path = "Preview Assets.xcassets"; sourceTree = "<group>"; };
		697A3E2824DFD82800B9C42D /* Base */ = {isa = PBXFileReference; lastKnownFileType = file.storyboard; name = Base; path = Base.lproj/LaunchScreen.storyboard; sourceTree = "<group>"; };
		697A3E2A24DFD82800B9C42D /* Info.plist */ = {isa = PBXFileReference; lastKnownFileType = text.plist.xml; path = Info.plist; sourceTree = "<group>"; };
		697A3E4824DFD88A00B9C42D /* SomeFramework.framework */ = {isa = PBXFileReference; explicitFileType = wrapper.framework; path = SomeFramework.framework; sourceTree = BUILT_PRODUCTS_DIR; };
/* End PBXFileReference section */

/* Begin PBXFrameworksBuildPhase section */
		697A3E1624DFD82700B9C42D /* Frameworks */ = {
			isa = PBXFrameworksBuildPhase;
			buildActionMask = 2147483647;
			files = (
				697A3E4924DFD88A00B9C42D /* SomeFramework.framework in Frameworks */,
			);
			runOnlyForDeploymentPostprocessing = 0;
		};
/* End PBXFrameworksBuildPhase section */

/* Begin PBXGroup section */
		697A3E1024DFD82700B9C42D = {
			isa = PBXGroup;
			children = (
				697A3E1B24DFD82700B9C42D /* SomeApp */,
				697A3E1A24DFD82700B9C42D /* Products */,
				697A3E4724DFD88A00B9C42D /* Frameworks */,
			);
			sourceTree = "<group>";
		};
		697A3E1A24DFD82700B9C42D /* Products */ = {
			isa = PBXGroup;
			children = (
				697A3E1924DFD82700B9C42D /* SomeApp.app */,
			);
			name = Products;
			sourceTree = "<group>";
		};
		697A3E1B24DFD82700B9C42D /* SomeApp */ = {
			isa = PBXGroup;
			children = (
				697A3E1C24DFD82700B9C42D /* AppDelegate.swift */,
				697A3E1E24DFD82700B9C42D /* SceneDelegate.swift */,
				697A3E2024DFD82700B9C42D /* ContentView.swift */,
				697A3E2224DFD82800B9C42D /* Assets.xcassets */,
				697A3E2724DFD82800B9C42D /* LaunchScreen.storyboard */,
				697A3E2A24DFD82800B9C42D /* Info.plist */,
				697A3E2424DFD82800B9C42D /* Preview Content */,
			);
			path = SomeApp;
			sourceTree = "<group>";
		};
		697A3E2424DFD82800B9C42D /* Preview Content */ = {
			isa = PBXGroup;
			children = (
				697A3E2524DFD82800B9C42D /* Preview Assets.xcassets */,
			);
			path = "Preview Content";
			sourceTree = "<group>";
		};
		697A3E4724DFD88A00B9C42D /* Frameworks */ = {
			isa = PBXGroup;
			children = (
				697A3E4824DFD88A00B9C42D /* SomeFramework.framework */,
			);
			name = Frameworks;
			sourceTree = "<group>";
		};
/* End PBXGroup section */

/* Begin PBXNativeTarget section */
		697A3E1824DFD82700B9C42D /* SomeApp */ = {
			isa = PBXNativeTarget;
			buildConfigurationList = 697A3E2D24DFD82800B9C42D /* Build configuration list for PBXNativeTarget "SomeApp" */;
			buildPhases = (
				697A3E1524DFD82700B9C42D /* Sources */,
				697A3E1624DFD82700B9C42D /* Frameworks */,
				697A3E1724DFD82700B9C42D /* Resources */,
			);
			buildRules = (
			);
			dependencies = (
			);
			name = SomeApp;
			productName = SomeApp;
			productReference = 697A3E1924DFD82700B9C42D /* SomeApp.app */;
			productType = "com.apple.product-type.application";
		};
/* End PBXNativeTarget section */

/* Begin PBXProject section */
		697A3E1124DFD82700B9C42D /* Project object */ = {
			isa = PBXProject;
			attributes = {
				LastSwiftUpdateCheck = 1160;
				LastUpgradeCheck = 1160;
				ORGANIZATIONNAME = JD;
				TargetAttributes = {
					697A3E1824DFD82700B9C42D = {
						CreatedOnToolsVersion = 11.6;
					};
				};
			};
			buildConfigurationList = 697A3E1424DFD82700B9C42D /* Build configuration list for PBXProject "SomeApp" */;
			compatibilityVersion = "Xcode 9.3";
			developmentRegion = en;
			hasScannedForEncodings = 0;
			knownRegions = (
				en,
				Base,
			);
			mainGroup = 697A3E1024DFD82700B9C42D;
			productRefGroup = 697A3E1A24DFD82700B9C42D /* Products */;
			projectDirPath = "";
			projectRoot = "";
			targets = (
				697A3E1824DFD82700B9C42D /* SomeApp */,
			);
		};
/* End PBXProject section */

/* Begin PBXResourcesBuildPhase section */
		697A3E1724DFD82700B9C42D /* Resources */ = {
			isa = PBXResourcesBuildPhase;
			buildActionMask = 2147483647;
			files = (
				697A3E2924DFD82800B9C42D /* LaunchScreen.storyboard in Resources */,
				697A3E2624DFD82800B9C42D /* Preview Assets.xcassets in Resources */,
				697A3E2324DFD82800B9C42D /* Assets.xcassets in Resources */,
			);
			runOnlyForDeploymentPostprocessing = 0;
		};
/* End PBXResourcesBuildPhase section */

/* Begin PBXSourcesBuildPhase section */
		697A3E1524DFD82700B9C42D /* Sources */ = {
			isa = PBXSourcesBuildPhase;
			buildActionMask = 2147483647;
			files = (
				697A3E1D24DFD82700B9C42D /* AppDelegate.swift in Sources */,
				697A3E1F24DFD82700B9C42D /* SceneDelegate.swift in Sources */,
				697A3E2124DFD82700B9C42D /* ContentView.swift in Sources */,
			);
			runOnlyForDeploymentPostprocessing = 0;
		};
/* End PBXSourcesBuildPhase section */

/* Begin PBXVariantGroup section */
		697A3E2724DFD82800B9C42D /* LaunchScreen.storyboard */ = {
			isa = PBXVariantGroup;
			children = (
				697A3E2824DFD82800B9C42D /* Base */,
			);
			name = LaunchScreen.storyboard;
			sourceTree = "<group>";
		};
/* End PBXVariantGroup section */

/* Begin XCBuildConfiguration section */
		697A3E2B24DFD82800B9C42D /* Debug */ = {
			isa = XCBuildConfiguration;
			buildSettings = {
				ALWAYS_SEARCH_USER_PATHS = NO;
				CLANG_ANALYZER_NONNULL = YES;
				CLANG_ANALYZER_NUMBER_OBJECT_CONVERSION = YES_AGGRESSIVE;
				CLANG_CXX_LANGUAGE_STANDARD = "gnu++14";
				CLANG_CXX_LIBRARY = "libc++";
				CLANG_ENABLE_MODULES = YES;
				CLANG_ENABLE_OBJC_ARC = YES;
				CLANG_ENABLE_OBJC_WEAK = YES;
				CLANG_WARN_BLOCK_CAPTURE_AUTORELEASING = YES;
				CLANG_WARN_BOOL_CONVERSION = YES;
				CLANG_WARN_COMMA = YES;
				CLANG_WARN_CONSTANT_CONVERSION = YES;
				CLANG_WARN_DEPRECATED_OBJC_IMPLEMENTATIONS = YES;
				CLANG_WARN_DIRECT_OBJC_ISA_USAGE = YES_ERROR;
				CLANG_WARN_DOCUMENTATION_COMMENTS = YES;
				CLANG_WARN_EMPTY_BODY = YES;
				CLANG_WARN_ENUM_CONVERSION = YES;
				CLANG_WARN_INFINITE_RECURSION = YES;
				CLANG_WARN_INT_CONVERSION = YES;
				CLANG_WARN_NON_LITERAL_NULL_CONVERSION = YES;
				CLANG_WARN_OBJC_IMPLICIT_RETAIN_SELF = YES;
				CLANG_WARN_OBJC_LITERAL_CONVERSION = YES;
				CLANG_WARN_OBJC_ROOT_CLASS = YES_ERROR;
				CLANG_WARN_RANGE_LOOP_ANALYSIS = YES;
				CLANG_WARN_STRICT_PROTOTYPES = YES;
				CLANG_WARN_SUSPICIOUS_MOVE = YES;
				CLANG_WARN_UNGUARDED_AVAILABILITY = YES_AGGRESSIVE;
				CLANG_WARN_UNREACHABLE_CODE = YES;
				CLANG_WARN__DUPLICATE_METHOD_MATCH = YES;
				COPY_PHASE_STRIP = NO;
				DEBUG_INFORMATION_FORMAT = dwarf;
				ENABLE_STRICT_OBJC_MSGSEND = YES;
				ENABLE_TESTABILITY = YES;
				GCC_C_LANGUAGE_STANDARD = gnu11;
				GCC_DYNAMIC_NO_PIC = NO;
				GCC_NO_COMMON_BLOCKS = YES;
				GCC_OPTIMIZATION_LEVEL = 0;
				GCC_PREPROCESSOR_DEFINITIONS = (
					"DEBUG=1",
					"$(inherited)",
				);
				GCC_WARN_64_TO_32_BIT_CONVERSION = YES;
				GCC_WARN_ABOUT_RETURN_TYPE = YES_ERROR;
				GCC_WARN_UNDECLARED_SELECTOR = YES;
				GCC_WARN_UNINITIALIZED_AUTOS = YES_AGGRESSIVE;
				GCC_WARN_UNUSED_FUNCTION = YES;
				GCC_WARN_UNUSED_VARIABLE = YES;
				IPHONEOS_DEPLOYMENT_TARGET = 13.6;
				MTL_ENABLE_DEBUG_INFO = INCLUDE_SOURCE;
				MTL_FAST_MATH = YES;
				ONLY_ACTIVE_ARCH = YES;
				SDKROOT = iphoneos;
				SWIFT_ACTIVE_COMPILATION_CONDITIONS = DEBUG;
				SWIFT_OPTIMIZATION_LEVEL = "-Onone";
			};
			name = Debug;
		};
		697A3E2C24DFD82800B9C42D /* Release */ = {
			isa = XCBuildConfiguration;
			buildSettings = {
				ALWAYS_SEARCH_USER_PATHS = NO;
				CLANG_ANALYZER_NONNULL = YES;
				CLANG_ANALYZER_NUMBER_OBJECT_CONVERSION = YES_AGGRESSIVE;
				CLANG_CXX_LANGUAGE_STANDARD = "gnu++14";
				CLANG_CXX_LIBRARY = "libc++";
				CLANG_ENABLE_MODULES = YES;
				CLANG_ENABLE_OBJC_ARC = YES;
				CLANG_ENABLE_OBJC_WEAK = YES;
				CLANG_WARN_BLOCK_CAPTURE_AUTORELEASING = YES;
				CLANG_WARN_BOOL_CONVERSION = YES;
				CLANG_WARN_COMMA = YES;
				CLANG_WARN_CONSTANT_CONVERSION = YES;
				CLANG_WARN_DEPRECATED_OBJC_IMPLEMENTATIONS = YES;
				CLANG_WARN_DIRECT_OBJC_ISA_USAGE = YES_ERROR;
				CLANG_WARN_DOCUMENTATION_COMMENTS = YES;
				CLANG_WARN_EMPTY_BODY = YES;
				CLANG_WARN_ENUM_CONVERSION = YES;
				CLANG_WARN_INFINITE_RECURSION = YES;
				CLANG_WARN_INT_CONVERSION = YES;
				CLANG_WARN_NON_LITERAL_NULL_CONVERSION = YES;
				CLANG_WARN_OBJC_IMPLICIT_RETAIN_SELF = YES;
				CLANG_WARN_OBJC_LITERAL_CONVERSION = YES;
				CLANG_WARN_OBJC_ROOT_CLASS = YES_ERROR;
				CLANG_WARN_RANGE_LOOP_ANALYSIS = YES;
				CLANG_WARN_STRICT_PROTOTYPES = YES;
				CLANG_WARN_SUSPICIOUS_MOVE = YES;
				CLANG_WARN_UNGUARDED_AVAILABILITY = YES_AGGRESSIVE;
				CLANG_WARN_UNREACHABLE_CODE = YES;
				CLANG_WARN__DUPLICATE_METHOD_MATCH = YES;
				COPY_PHASE_STRIP = NO;
				DEBUG_INFORMATION_FORMAT = "dwarf-with-dsym";
				ENABLE_NS_ASSERTIONS = NO;
				ENABLE_STRICT_OBJC_MSGSEND = YES;
				GCC_C_LANGUAGE_STANDARD = gnu11;
				GCC_NO_COMMON_BLOCKS = YES;
				GCC_WARN_64_TO_32_BIT_CONVERSION = YES;
				GCC_WARN_ABOUT_RETURN_TYPE = YES_ERROR;
				GCC_WARN_UNDECLARED_SELECTOR = YES;
				GCC_WARN_UNINITIALIZED_AUTOS = YES_AGGRESSIVE;
				GCC_WARN_UNUSED_FUNCTION = YES;
				GCC_WARN_UNUSED_VARIABLE = YES;
				IPHONEOS_DEPLOYMENT_TARGET = 13.6;
				MTL_ENABLE_DEBUG_INFO = NO;
				MTL_FAST_MATH = YES;
				SDKROOT = iphoneos;
				SWIFT_COMPILATION_MODE = wholemodule;
				SWIFT_OPTIMIZATION_LEVEL = "-O";
				VALIDATE_PRODUCT = YES;
			};
			name = Release;
		};
		697A3E2E24DFD82800B9C42D /* Debug */ = {
			isa = XCBuildConfiguration;
			buildSettings = {
				ASSETCATALOG_COMPILER_APPICON_NAME = AppIcon;
				CODE_SIGN_STYLE = Automatic;
				DEVELOPMENT_ASSET_PATHS = "\"SomeApp/Preview Content\"";
				DEVELOPMENT_TEAM = 3JG6UNN47G;
				ENABLE_PREVIEWS = YES;
				INFOPLIST_FILE = SomeApp/Info.plist;
				LD_RUNPATH_SEARCH_PATHS = (
					"$(inherited)",
					"@executable_path/Frameworks",
				);
				OTHER_LDFLAGS = "-ObjC";
				PRODUCT_BUNDLE_IDENTIFIER = com.elishou.SomeApp;
				PRODUCT_NAME = "$(TARGET_NAME)";
				SWIFT_VERSION = 5.0;
				TARGETED_DEVICE_FAMILY = "1,2";
			};
			name = Debug;
		};
		697A3E2F24DFD82800B9C42D /* Release */ = {
			isa = XCBuildConfiguration;
			buildSettings = {
				ASSETCATALOG_COMPILER_APPICON_NAME = AppIcon;
				CODE_SIGN_STYLE = Automatic;
				DEVELOPMENT_ASSET_PATHS = "\"SomeApp/Preview Content\"";
				DEVELOPMENT_TEAM = 3JG6UNN47G;
				ENABLE_PREVIEWS = YES;
				INFOPLIST_FILE = SomeApp/Info.plist;
				LD_RUNPATH_SEARCH_PATHS = (
					"$(inherited)",
					"@executable_path/Frameworks",
				);
				OTHER_LDFLAGS = "-ObjC";
				PRODUCT_BUNDLE_IDENTIFIER = com.elishou.SomeApp;
				PRODUCT_NAME = "$(TARGET_NAME)";
				SWIFT_VERSION = 5.0;
				TARGETED_DEVICE_FAMILY = "1,2";
			};
			name = Release;
		};
/* End XCBuildConfiguration section */

/* Begin XCConfigurationList section */
		697A3E1424DFD82700B9C42D /* Build configuration list for PBXProject "SomeApp" */ = {
			isa = XCConfigurationList;
			buildConfigurations = (
				697A3E2B24DFD82800B9C42D /* Debug */,
				697A3E2C24DFD82800B9C42D /* Release */,
			);
			defaultConfigurationIsVisible = 0;
			defaultConfigurationName = Release;
		};
		697A3E2D24DFD82800B9C42D /* Build configuration list for PBXNativeTarget "SomeApp" */ = {
			isa = XCConfigurationList;
			buildConfigurations = (
				697A3E2E24DFD82800B9C42D /* Debug */,
				697A3E2F24DFD82800B9C42D /* Release */,
			);
			defaultConfigurationIsVisible = 0;
			defaultConfigurationName = Release;
		};
/* End XCConfigurationList section */
	};
	rootObject = 697A3E1124DFD82700B9C42D /* Project object */;
}
